
Microsoft Visual Studio Solution File, Format Version 12.00
# Visual Studio Version 16
VisualStudioVersion = 16.0.30114.105
MinimumVisualStudioVersion = 10.0.40219.1
Project("{FAE04EC0-301F-11D3-BF4B-00C04F79EFBC}") = "hello-world", "hello-world.csproj", "{5439D0DD-E3A5-4822-851E-14B058C81AFC}"
EndProject
Project("{FAE04EC0-301F-11D3-BF4B-00C04F79EFBC}") = "library", "lib\library.csproj", "{E72B2FDD-A90F-48F1-BACD-828A2C148768}"
EndProject
Project("{FAE04EC0-301F-11D3-BF4B-00C04F79EFBC}") = "unit-tests", "test\unit-tests.csproj", "{9DD06AE7-16EF-4B05-AD36-A22C4BB5DD24}"
EndProject
Global
	GlobalSection(SolutionConfigurationPlatforms) = preSolution
		Debug|Any CPU = Debug|Any CPU
		Release|Any CPU = Release|Any CPU
	EndGlobalSection
	GlobalSection(SolutionProperties) = preSolution
		HideSolutionNode = FALSE
	EndGlobalSection
	GlobalSection(ProjectConfigurationPlatforms) = postSolution
		{5439D0DD-E3A5-4822-851E-14B058C81AFC}.Debug|Any CPU.ActiveCfg = Debug|Any CPU
		{5439D0DD-E3A5-4822-851E-14B058C81AFC}.Debug|Any CPU.Build.0 = Debug|Any CPU
		{5439D0DD-E3A5-4822-851E-14B058C81AFC}.Release|Any CPU.ActiveCfg = Release|Any CPU
		{5439D0DD-E3A5-4822-851E-14B058C81AFC}.Release|Any CPU.Build.0 = Release|Any CPU
		{E72B2FDD-A90F-48F1-BACD-828A2C148768}.Debug|Any CPU.ActiveCfg = Debug|Any CPU
		{E72B2FDD-A90F-48F1-BACD-828A2C148768}.Debug|Any CPU.Build.0 = Debug|Any CPU
		{E72B2FDD-A90F-48F1-BACD-828A2C148768}.Release|Any CPU.ActiveCfg = Release|Any CPU
		{E72B2FDD-A90F-48F1-BACD-828A2C148768}.Release|Any CPU.Build.0 = Release|Any CPU
		{9DD06AE7-16EF-4B05-AD36-A22C4BB5DD24}.Debug|Any CPU.ActiveCfg = Debug|Any CPU
		{9DD06AE7-16EF-4B05-AD36-A22C4BB5DD24}.Debug|Any CPU.Build.0 = Debug|Any CPU
		{9DD06AE7-16EF-4B05-AD36-A22C4BB5DD24}.Release|Any CPU.ActiveCfg = Release|Any CPU
		{9DD06AE7-16EF-4B05-AD36-A22C4BB5DD24}.Release|Any CPU.Build.0 = Release|Any CPU
	EndGlobalSection
EndGlobal
